
Microsoft Visual Studio Solution File, Format Version 12.00
# Visual Studio Version 17
VisualStudioVersion = 17.11.35327.3
MinimumVisualStudioVersion = 10.0.40219.1
Project("{FAE04EC0-301F-11D3-BF4B-00C04F79EFBC}") = "AutoERDiagram", "AutoERDiagram\AutoERDiagram.csproj", "{B03F2130-CF57-4775-98C7-CC2D3DA8590F}"
EndProject
Global
	GlobalSection(SolutionConfigurationPlatforms) = preSolution
		Debug|Any CPU = Debug|Any CPU
		Release|Any CPU = Release|Any CPU
	EndGlobalSection
	GlobalSection(ProjectConfigurationPlatforms) = postSolution
		{B03F2130-CF57-4775-98C7-CC2D3DA8590F}.Debug|Any CPU.ActiveCfg = Debug|Any CPU
		{B03F2130-CF57-4775-98C7-CC2D3DA8590F}.Debug|Any CPU.Build.0 = Debug|Any CPU
		{B03F2130-CF57-4775-98C7-CC2D3DA8590F}.Release|Any CPU.ActiveCfg = Release|Any CPU
		{B03F2130-CF57-4775-98C7-CC2D3DA8590F}.Release|Any CPU.Build.0 = Release|Any CPU
	EndGlobalSection
	GlobalSection(SolutionProperties) = preSolution
		HideSolutionNode = FALSE
	EndGlobalSection
	GlobalSection(ExtensibilityGlobals) = postSolution
		SolutionGuid = {73244758-FD2C-4E35-A646-E845EA45A79E}
	EndGlobalSection
EndGlobal
